{
  "name": "@livechat/widget-angular",
  "version": "1.0.0",
  "lockfileVersion": 2,
  "requires": true,
  "packages": {
    "": {
      "name": "@livechat/widget-angular",
      "version": "1.0.0",
      "license": "MIT",
      "dependencies": {
        "@livechat/widget-core": "^1.0.0"
      },
      "devDependencies": {
        "@angular/compiler": "13.1.1",
        "@angular/compiler-cli": "13.1.1",
        "@angular/core": "13.1.1",
        "rxjs": "~7.4.0"
      },
      "peerDependencies": {
        "@angular/core": "13.1.1",
        "rxjs": "7.*.*"
      }
    },
    "node_modules/@angular/compiler": {
      "version": "13.1.1",
      "dev": true,
      "license": "MIT",
      "dependencies": {
        "tslib": "^2.3.0"
      },
      "engines": {
        "node": "^12.20.0 || ^14.15.0 || >=16.10.0"
      }
    },
    "node_modules/@angular/compiler-cli": {
      "version": "13.1.1",
      "dev": true,
      "license": "MIT",
      "dependencies": {
        "@babel/core": "^7.8.6",
        "canonical-path": "1.0.0",
        "chokidar": "^3.0.0",
        "convert-source-map": "^1.5.1",
        "dependency-graph": "^0.11.0",
        "magic-string": "^0.25.0",
        "reflect-metadata": "^0.1.2",
        "semver": "^7.0.0",
        "sourcemap-codec": "^1.4.8",
        "tslib": "^2.3.0",
        "yargs": "^17.2.1"
      },
      "bin": {
        "ng-xi18n": "bundles/src/bin/ng_xi18n.js",
        "ngc": "bundles/src/bin/ngc.js",
        "ngcc": "bundles/ngcc/main-ngcc.js"
      },
      "engines": {
        "node": "^12.20.0 || ^14.15.0 || >=16.10.0"
      },
      "peerDependencies": {
        "@angular/compiler": "13.1.1",
        "typescript": ">=4.4.2 <4.6"
      }
    },
    "node_modules/@angular/compiler-cli/node_modules/tslib": {
      "version": "2.3.1",
      "dev": true,
      "license": "0BSD"
    },
    "node_modules/@angular/compiler/node_modules/tslib": {
      "version": "2.3.1",
      "dev": true,
      "license": "0BSD"
    },
    "node_modules/@angular/core": {
      "version": "13.1.1",
      "dev": true,
      "license": "MIT",
      "dependencies": {
        "tslib": "^2.3.0"
      },
      "engines": {
        "node": "^12.20.0 || ^14.15.0 || >=16.10.0"
      },
      "peerDependencies": {
        "rxjs": "^6.5.3 || ^7.4.0",
        "zone.js": "~0.11.4"
      }
    },
    "node_modules/@angular/core/node_modules/tslib": {
      "version": "2.3.1",
      "dev": true,
      "license": "0BSD"
    },
    "node_modules/@livechat/widget-core": {
      "version": "1.0.0",
      "resolved": "https://registry.npmjs.org/@livechat/widget-core/-/widget-core-1.0.0.tgz",
      "integrity": "sha512-O11lk/fOV+ZYGAlnG9nRgRozbyQF2n/03vyMj/axindh/VXLEp9ihIQaYzgTWkd2jOY8EAlh9d+G8ljbsPhWag==",
      "dependencies": {
        "mitt": "3.0.0"
      }
    },
    "node_modules/mitt": {
      "version": "3.0.0",
      "resolved": "https://registry.npmjs.org/mitt/-/mitt-3.0.0.tgz",
      "integrity": "sha512-7dX2/10ITVyqh4aOSVI9gdape+t9l2/8QxHrFmUXu4EEUpdlxl6RudZUPZoc+zuY2hk1j7XxVroIVIan/pD/SQ=="
    },
    "node_modules/rxjs": {
      "version": "7.4.0",
      "dev": true,
      "license": "Apache-2.0",
      "dependencies": {
        "tslib": "~2.1.0"
      }
    },
    "node_modules/semver": {
      "version": "7.3.5",
      "dev": true,
      "license": "ISC",
      "dependencies": {
        "lru-cache": "^6.0.0"
      },
      "bin": {
        "semver": "bin/semver.js"
      },
      "engines": {
        "node": ">=10"
      }
    },
    "node_modules/tslib": {
      "version": "2.1.0",
      "dev": true,
      "license": "0BSD"
    },
    "node_modules/typescript": {
      "version": "4.4.4",
      "dev": true,
      "license": "Apache-2.0",
      "peer": true,
      "bin": {
        "tsc": "bin/tsc",
        "tsserver": "bin/tsserver"
      },
      "engines": {
        "node": ">=4.2.0"
      }
    },
    "node_modules/yargs": {
      "version": "17.3.1",
      "dev": true,
      "license": "MIT",
      "dependencies": {
        "cliui": "^7.0.2",
        "escalade": "^3.1.1",
        "get-caller-file": "^2.0.5",
        "require-directory": "^2.1.1",
        "string-width": "^4.2.3",
        "y18n": "^5.0.5",
        "yargs-parser": "^21.0.0"
      },
      "engines": {
        "node": ">=12"
      }
    },
    "node_modules/yargs-parser": {
      "version": "21.0.0",
      "dev": true,
      "license": "ISC",
      "engines": {
        "node": ">=12"
      }
    }
  },
  "dependencies": {
    "@angular/compiler": {
      "version": "13.1.1",
      "dev": true,
      "requires": {
        "tslib": "^2.3.0"
      },
      "dependencies": {
        "tslib": {
          "version": "2.3.1",
          "dev": true
        }
      }
    },
    "@angular/compiler-cli": {
      "version": "13.1.1",
      "dev": true,
      "requires": {
        "@babel/core": "^7.8.6",
        "canonical-path": "1.0.0",
        "chokidar": "^3.0.0",
        "convert-source-map": "^1.5.1",
        "dependency-graph": "^0.11.0",
        "magic-string": "^0.25.0",
        "reflect-metadata": "^0.1.2",
        "semver": "^7.0.0",
        "sourcemap-codec": "^1.4.8",
        "tslib": "^2.3.0",
        "yargs": "^17.2.1"
      },
      "dependencies": {
        "tslib": {
          "version": "2.3.1",
          "dev": true
        }
      }
    },
    "@angular/core": {
      "version": "13.1.1",
      "dev": true,
      "requires": {
        "tslib": "^2.3.0"
      },
      "dependencies": {
        "tslib": {
          "version": "2.3.1",
          "dev": true
        }
      }
    },
    "@livechat/widget-core": {
      "version": "1.0.0",
      "resolved": "https://registry.npmjs.org/@livechat/widget-core/-/widget-core-1.0.0.tgz",
      "integrity": "sha512-O11lk/fOV+ZYGAlnG9nRgRozbyQF2n/03vyMj/axindh/VXLEp9ihIQaYzgTWkd2jOY8EAlh9d+G8ljbsPhWag==",
      "requires": {
        "mitt": "3.0.0"
      }
    },
    "mitt": {
      "version": "3.0.0",
      "resolved": "https://registry.npmjs.org/mitt/-/mitt-3.0.0.tgz",
      "integrity": "sha512-7dX2/10ITVyqh4aOSVI9gdape+t9l2/8QxHrFmUXu4EEUpdlxl6RudZUPZoc+zuY2hk1j7XxVroIVIan/pD/SQ=="
    },
    "rxjs": {
      "version": "7.4.0",
      "dev": true,
      "requires": {
        "tslib": "~2.1.0"
      }
    },
    "semver": {
      "version": "7.3.5",
      "dev": true,
      "requires": {
        "lru-cache": "^6.0.0"
      }
    },
    "tslib": {
      "version": "2.1.0",
      "dev": true
    },
    "typescript": {
      "version": "4.4.4",
      "dev": true,
      "peer": true
    },
    "yargs": {
      "version": "17.3.1",
      "dev": true,
      "requires": {
        "cliui": "^7.0.2",
        "escalade": "^3.1.1",
        "get-caller-file": "^2.0.5",
        "require-directory": "^2.1.1",
        "string-width": "^4.2.3",
        "y18n": "^5.0.5",
        "yargs-parser": "^21.0.0"
      }
    },
    "yargs-parser": {
      "version": "21.0.0",
      "dev": true
    }
  }
}
